{
  "name": "ctr",
  "lockfileVersion": 2,
  "requires": true,
  "packages": {
    "": {
      "dependencies": {
        "@danielx/civet": "^0.5.33",
        "@types/node": "^18.11.18"
      }
    },
    "node_modules/@danielx/civet": {
      "version": "0.5.33",
      "resolved": "https://registry.npmjs.org/@danielx/civet/-/civet-0.5.33.tgz",
      "integrity": "sha512-SC+TjXZTtmFQEcr9P/zt/9aNbAIZLR2o2gFYlUZSWSY1VzBBo+7HOdh3trek8TwndpuMI3FFHGNIVvpBH8kvfQ==",
      "bin": {
        "civet": "dist/civet"
      },
      "engines": {
        "node": "^18.6.0 || ^16.17.0"
      }
    },
    "node_modules/@types/node": {
      "version": "18.11.18",
      "resolved": "https://registry.npmjs.org/@types/node/-/node-18.11.18.tgz",
      "integrity": "sha512-DHQpWGjyQKSHj3ebjFI/wRKcqQcdR+MoFBygntYOZytCqNfkd2ZC4ARDJ2DQqhjH5p85Nnd3jhUJIXrszFX/JA=="
    }
  },
  "dependencies": {
    "@danielx/civet": {
      "version": "0.5.33",
      "resolved": "https://registry.npmjs.org/@danielx/civet/-/civet-0.5.33.tgz",
      "integrity": "sha512-SC+TjXZTtmFQEcr9P/zt/9aNbAIZLR2o2gFYlUZSWSY1VzBBo+7HOdh3trek8TwndpuMI3FFHGNIVvpBH8kvfQ=="
    },
    "@types/node": {
      "version": "18.11.18",
      "resolved": "https://registry.npmjs.org/@types/node/-/node-18.11.18.tgz",
      "integrity": "sha512-DHQpWGjyQKSHj3ebjFI/wRKcqQcdR+MoFBygntYOZytCqNfkd2ZC4ARDJ2DQqhjH5p85Nnd3jhUJIXrszFX/JA=="
    }
  }
}
